# This file is autogenerated, do not edit; changes may be undone by the next 'dep ensure'.


[[projects]]
  name = "github.com/aws/aws-sdk-go"
  packages = ["aws","aws/awserr","aws/awsutil","aws/client","aws/client/metadata","aws/corehandlers","aws/credentials","aws/credentials/ec2rolecreds","aws/credentials/endpointcreds","aws/credentials/stscreds","aws/csm","aws/defaults","aws/ec2metadata","aws/endpoints","aws/request","aws/session","aws/signer/v4","internal/sdkio","internal/sdkrand","internal/sdkuri","internal/shareddefaults","private/protocol","private/protocol/eventstream","private/protocol/eventstream/eventstreamapi","private/protocol/query","private/protocol/query/queryutil","private/protocol/rest","private/protocol/restxml","private/protocol/xml/xmlutil","service/s3","service/sts"]
  revision = "10d5f1478e28a17062fd79617a8022f5499462d5"
  version = "v1.15.34"

[[projects]]
  branch = "master"
  name = "github.com/bgentry/go-netrc"
  packages = ["netrc"]
  revision = "9fd32a8b3d3d3f9d43c341bfe098430e07609480"

[[projects]]
  name = "github.com/go-ini/ini"
  packages = ["."]
  revision = "5cf292cae48347c2490ac1a58fe36735fb78df7e"
  version = "v1.38.2"

[[projects]]
  name = "github.com/hashicorp/go-cleanhttp"
  packages = ["."]
  revision = "e8ab9daed8d1ddd2d3c4efba338fe2eeae2e4f18"
  version = "v0.5.0"

[[projects]]
  branch = "master"
  name = "github.com/hashicorp/go-getter"
  packages = [".","helper/url"]
  revision = "4bda8fa99001c61db3cad96b421d4c12a81f256d"

[[projects]]
  name = "github.com/hashicorp/go-safetemp"
  packages = ["."]
  revision = "c9a55de4fe06c920a71964b53cfe3dd293a3c743"
  version = "v1.0.0"

[[projects]]
  name = "github.com/hashicorp/go-version"
  packages = ["."]
  revision = "b5a281d3160aa11950a6182bd9a9dc2cb1e02d50"
  version = "v1.0.0"

[[projects]]
  name = "github.com/jmespath/go-jmespath"
  packages = ["."]
  revision = "0b12d6b5"

[[projects]]
  name = "github.com/mitchellh/go-homedir"
  packages = ["."]
  revision = "ae18d6b8b3205b561c79e8e5f69bff09736185f4"
  version = "v1.0.0"

[[projects]]
  name = "github.com/mitchellh/go-testing-interface"
  packages = ["."]
  revision = "6d0b8010fcc857872e42fc6c931227569016843c"
  version = "v1.0.0"

[[projects]]
  name = "github.com/ulikunitz/xz"
  packages = [".","internal/hash","internal/xlog","lzma"]
  revision = "0c6b41e72360850ca4f98dc341fd999726ea007f"
  version = "v0.5.4"

[solve-meta]
  analyzer-name = "dep"
  analyzer-version = 1
  inputs-digest = "354d8148e53e7bc0f38ab03143a8b5cf118869e487f0579759c568f382572edc"
  solver-name = "gps-cdcl"
  solver-version = 1
